
Microsoft Visual Studio Solution File, Format Version 12.00
# Visual Studio 15
VisualStudioVersion = 15.0.28307.136
MinimumVisualStudioVersion = 10.0.40219.1
Project("{FAE04EC0-301F-11D3-BF4B-00C04F79EFBC}") = "TrackerLibrary", "TrackerLibrary\TrackerLibrary.csproj", "{D7511640-C0C4-4F5D-A94D-2A7D1036A249}"
EndProject
Global
	GlobalSection(SolutionConfigurationPlatforms) = preSolution
		Debug|Any CPU = Debug|Any CPU
		Release|Any CPU = Release|Any CPU
	EndGlobalSection
	GlobalSection(ProjectConfigurationPlatforms) = postSolution
		{D7511640-C0C4-4F5D-A94D-2A7D1036A249}.Debug|Any CPU.ActiveCfg = Debug|Any CPU
		{D7511640-C0C4-4F5D-A94D-2A7D1036A249}.Debug|Any CPU.Build.0 = Debug|Any CPU
		{D7511640-C0C4-4F5D-A94D-2A7D1036A249}.Release|Any CPU.ActiveCfg = Release|Any CPU
		{D7511640-C0C4-4F5D-A94D-2A7D1036A249}.Release|Any CPU.Build.0 = Release|Any CPU
	EndGlobalSection
	GlobalSection(SolutionProperties) = preSolution
		HideSolutionNode = FALSE
	EndGlobalSection
	GlobalSection(ExtensibilityGlobals) = postSolution
		SolutionGuid = {9784C886-6228-4969-B187-311733CB7F1E}
	EndGlobalSection
EndGlobal
